
Microsoft Visual Studio Solution File, Format Version 9.00
# Visual Studio 2005
Project("{8BC9CEB8-8B4A-11D0-8D11-00A0C91BC942}") = "C", "C\C.vcproj", "{01FA69C3-76DC-422B-B3B7-64F7C9142AC0}"
EndProject
Project("{8BC9CEB8-8B4A-11D0-8D11-00A0C91BC942}") = "dynamic-scope", "dynamic-scope\dynamic-scope.vcproj", "{CF47417F-D4EC-4CEB-B441-863E414AF1CD}"
EndProject
Project("{8BC9CEB8-8B4A-11D0-8D11-00A0C91BC942}") = "fuzzy", "fuzzy\fuzzy.vcproj", "{1D0E0FA7-381D-4BF1-BB28-B4098CC24D71}"
EndProject
Global
	GlobalSection(SourceCodeControl) = preSolution
		SccNumberOfProjects = 4
		SccLocalPath0 = .
		SccProjectUniqueName1 = C\\C.vcproj
		SccLocalPath1 = .
		SccProjectFilePathRelativizedFromConnection1 = C\\
		SccProjectUniqueName2 = dynamic-scope\\dynamic-scope.vcproj
		SccLocalPath2 = .
		SccProjectFilePathRelativizedFromConnection2 = dynamic-scope\\
		SccProjectUniqueName3 = fuzzy\\fuzzy.vcproj
		SccLocalPath3 = .
		SccProjectFilePathRelativizedFromConnection3 = fuzzy\\
	EndGlobalSection
	GlobalSection(SolutionConfigurationPlatforms) = preSolution
		Debug|Win32 = Debug|Win32
		Release|Win32 = Release|Win32
	EndGlobalSection
	GlobalSection(ProjectConfigurationPlatforms) = postSolution
		{01FA69C3-76DC-422B-B3B7-64F7C9142AC0}.Debug|Win32.ActiveCfg = Debug|Win32
		{01FA69C3-76DC-422B-B3B7-64F7C9142AC0}.Debug|Win32.Build.0 = Debug|Win32
		{01FA69C3-76DC-422B-B3B7-64F7C9142AC0}.Release|Win32.ActiveCfg = Release|Win32
		{01FA69C3-76DC-422B-B3B7-64F7C9142AC0}.Release|Win32.Build.0 = Release|Win32
		{CF47417F-D4EC-4CEB-B441-863E414AF1CD}.Debug|Win32.ActiveCfg = Debug|Win32
		{CF47417F-D4EC-4CEB-B441-863E414AF1CD}.Debug|Win32.Build.0 = Debug|Win32
		{CF47417F-D4EC-4CEB-B441-863E414AF1CD}.Release|Win32.ActiveCfg = Release|Win32
		{CF47417F-D4EC-4CEB-B441-863E414AF1CD}.Release|Win32.Build.0 = Release|Win32
		{1D0E0FA7-381D-4BF1-BB28-B4098CC24D71}.Debug|Win32.ActiveCfg = Debug|Win32
		{1D0E0FA7-381D-4BF1-BB28-B4098CC24D71}.Debug|Win32.Build.0 = Debug|Win32
		{1D0E0FA7-381D-4BF1-BB28-B4098CC24D71}.Release|Win32.ActiveCfg = Release|Win32
		{1D0E0FA7-381D-4BF1-BB28-B4098CC24D71}.Release|Win32.Build.0 = Release|Win32
	EndGlobalSection
	GlobalSection(SolutionProperties) = preSolution
		HideSolutionNode = FALSE
	EndGlobalSection
EndGlobal
