
Microsoft Visual Studio Solution File, Format Version 10.00
# Visual Studio 2008
Project("{8BC9CEB8-8B4A-11D0-8D11-00A0C91BC942}") = "C", "C\C.vcproj", "{01FA69C3-76DC-422B-B3B7-64F7C9142AC0}"
EndProject
Project("{8BC9CEB8-8B4A-11D0-8D11-00A0C91BC942}") = "dynamic-scope", "dynamic-scope\dynamic-scope.vcproj", "{CF47417F-D4EC-4CEB-B441-863E414AF1CD}"
EndProject
Project("{8BC9CEB8-8B4A-11D0-8D11-00A0C91BC942}") = "fuzzy", "fuzzy\fuzzy.vcproj", "{1D0E0FA7-381D-4BF1-BB28-B4098CC24D71}"
EndProject
Project("{8BC9CEB8-8B4A-11D0-8D11-00A0C91BC942}") = "hoistedPredicates", "hoistedPredicates\hoistedPredicates.vcproj", "{462BF47F-E60B-49E7-B3B9-91A592BC3858}"
EndProject
Project("{8BC9CEB8-8B4A-11D0-8D11-00A0C91BC942}") = "island-grammar", "island-grammar\island-grammar.vcproj", "{D0A4B8F2-C6A0-45D6-95BE-976285CB10D1}"
EndProject
Project("{8BC9CEB8-8B4A-11D0-8D11-00A0C91BC942}") = "java", "java\java.vcproj", "{4DC69534-9434-45F7-9026-F872441BEFD8}"
EndProject
Project("{8BC9CEB8-8B4A-11D0-8D11-00A0C91BC942}") = "treeparser", "treeparser\treeparser.vcproj", "{0A5C4302-8292-4CAF-BFD6-A9F9387CECA7}"
EndProject
Project("{8BC9CEB8-8B4A-11D0-8D11-00A0C91BC942}") = "simplecTreeParser", "simplecTreeParser\simplecTreeParser.vcproj", "{77878203-46EC-459B-A84E-4A0C1446D512}"
EndProject
Project("{8BC9CEB8-8B4A-11D0-8D11-00A0C91BC942}") = "composite-java", "composite-java\composite-java.vcproj", "{B378C4E8-608E-42A8-B8EA-2BB1CDAE6711}"
EndProject
Project("{8BC9CEB8-8B4A-11D0-8D11-00A0C91BC942}") = "polydiff", "polydiff\polydiff.vcproj", "{A4AAA01E-0C0C-4435-974B-0D80F9686D82}"
EndProject
Global
	GlobalSection(SourceCodeControl) = preSolution
		SccNumberOfProjects = 11
		SccLocalPath0 = .
		SccProjectUniqueName1 = C\\C.vcproj
		SccLocalPath1 = .
		SccProjectFilePathRelativizedFromConnection1 = C\\
		SccProjectUniqueName2 = dynamic-scope\\dynamic-scope.vcproj
		SccLocalPath2 = .
		SccProjectFilePathRelativizedFromConnection2 = dynamic-scope\\
		SccProjectUniqueName3 = fuzzy\\fuzzy.vcproj
		SccLocalPath3 = .
		SccProjectFilePathRelativizedFromConnection3 = fuzzy\\
		SccProjectUniqueName4 = hoistedPredicates\\hoistedPredicates.vcproj
		SccLocalPath4 = .
		SccProjectFilePathRelativizedFromConnection4 = hoistedPredicates\\
		SccProjectUniqueName5 = island-grammar\\island-grammar.vcproj
		SccLocalPath5 = .
		SccProjectFilePathRelativizedFromConnection5 = island-grammar\\
		SccProjectUniqueName6 = java\\java.vcproj
		SccLocalPath6 = .
		SccProjectFilePathRelativizedFromConnection6 = java\\
		SccProjectUniqueName7 = treeparser\\treeparser.vcproj
		SccLocalPath7 = .
		SccProjectFilePathRelativizedFromConnection7 = treeparser\\
		SccProjectUniqueName8 = simplecTreeParser\\simplecTreeParser.vcproj
		SccLocalPath8 = .
		SccProjectFilePathRelativizedFromConnection8 = simplecTreeParser\\
		SccProjectUniqueName9 = composite-java\\composite-java.vcproj
		SccLocalPath9 = .
		SccProjectFilePathRelativizedFromConnection9 = composite-java\\
		SccProjectUniqueName10 = polydiff\\polydiff.vcproj
		SccLocalPath10 = .
		SccProjectFilePathRelativizedFromConnection10 = polydiff\\
	EndGlobalSection
	GlobalSection(SolutionConfigurationPlatforms) = preSolution
		Debug|Any CPU = Debug|Any CPU
		Debug|Mixed Platforms = Debug|Mixed Platforms
		Debug|Win32 = Debug|Win32
		Release|Any CPU = Release|Any CPU
		Release|Mixed Platforms = Release|Mixed Platforms
		Release|Win32 = Release|Win32
	EndGlobalSection
	GlobalSection(ProjectConfigurationPlatforms) = postSolution
		{01FA69C3-76DC-422B-B3B7-64F7C9142AC0}.Debug|Any CPU.ActiveCfg = Debug|Win32
		{01FA69C3-76DC-422B-B3B7-64F7C9142AC0}.Debug|Mixed Platforms.ActiveCfg = Debug|Win32
		{01FA69C3-76DC-422B-B3B7-64F7C9142AC0}.Debug|Mixed Platforms.Build.0 = Debug|Win32
		{01FA69C3-76DC-422B-B3B7-64F7C9142AC0}.Debug|Win32.ActiveCfg = Debug|Win32
		{01FA69C3-76DC-422B-B3B7-64F7C9142AC0}.Debug|Win32.Build.0 = Debug|Win32
		{01FA69C3-76DC-422B-B3B7-64F7C9142AC0}.Release|Any CPU.ActiveCfg = Release|Win32
		{01FA69C3-76DC-422B-B3B7-64F7C9142AC0}.Release|Mixed Platforms.ActiveCfg = Release|Win32
		{01FA69C3-76DC-422B-B3B7-64F7C9142AC0}.Release|Mixed Platforms.Build.0 = Release|Win32
		{01FA69C3-76DC-422B-B3B7-64F7C9142AC0}.Release|Win32.ActiveCfg = Release|Win32
		{01FA69C3-76DC-422B-B3B7-64F7C9142AC0}.Release|Win32.Build.0 = Release|Win32
		{CF47417F-D4EC-4CEB-B441-863E414AF1CD}.Debug|Any CPU.ActiveCfg = Debug|Win32
		{CF47417F-D4EC-4CEB-B441-863E414AF1CD}.Debug|Mixed Platforms.ActiveCfg = Debug|Win32
		{CF47417F-D4EC-4CEB-B441-863E414AF1CD}.Debug|Mixed Platforms.Build.0 = Debug|Win32
		{CF47417F-D4EC-4CEB-B441-863E414AF1CD}.Debug|Win32.ActiveCfg = Debug|Win32
		{CF47417F-D4EC-4CEB-B441-863E414AF1CD}.Debug|Win32.Build.0 = Debug|Win32
		{CF47417F-D4EC-4CEB-B441-863E414AF1CD}.Release|Any CPU.ActiveCfg = Release|Win32
		{CF47417F-D4EC-4CEB-B441-863E414AF1CD}.Release|Mixed Platforms.ActiveCfg = Release|Win32
		{CF47417F-D4EC-4CEB-B441-863E414AF1CD}.Release|Mixed Platforms.Build.0 = Release|Win32
		{CF47417F-D4EC-4CEB-B441-863E414AF1CD}.Release|Win32.ActiveCfg = Release|Win32
		{CF47417F-D4EC-4CEB-B441-863E414AF1CD}.Release|Win32.Build.0 = Release|Win32
		{1D0E0FA7-381D-4BF1-BB28-B4098CC24D71}.Debug|Any CPU.ActiveCfg = Debug|Win32
		{1D0E0FA7-381D-4BF1-BB28-B4098CC24D71}.Debug|Mixed Platforms.ActiveCfg = Debug|Win32
		{1D0E0FA7-381D-4BF1-BB28-B4098CC24D71}.Debug|Mixed Platforms.Build.0 = Debug|Win32
		{1D0E0FA7-381D-4BF1-BB28-B4098CC24D71}.Debug|Win32.ActiveCfg = Debug|Win32
		{1D0E0FA7-381D-4BF1-BB28-B4098CC24D71}.Debug|Win32.Build.0 = Debug|Win32
		{1D0E0FA7-381D-4BF1-BB28-B4098CC24D71}.Release|Any CPU.ActiveCfg = Release|Win32
		{1D0E0FA7-381D-4BF1-BB28-B4098CC24D71}.Release|Mixed Platforms.ActiveCfg = Release|Win32
		{1D0E0FA7-381D-4BF1-BB28-B4098CC24D71}.Release|Mixed Platforms.Build.0 = Release|Win32
		{1D0E0FA7-381D-4BF1-BB28-B4098CC24D71}.Release|Win32.ActiveCfg = Release|Win32
		{1D0E0FA7-381D-4BF1-BB28-B4098CC24D71}.Release|Win32.Build.0 = Release|Win32
		{462BF47F-E60B-49E7-B3B9-91A592BC3858}.Debug|Any CPU.ActiveCfg = Debug|Win32
		{462BF47F-E60B-49E7-B3B9-91A592BC3858}.Debug|Mixed Platforms.ActiveCfg = Debug|Win32
		{462BF47F-E60B-49E7-B3B9-91A592BC3858}.Debug|Mixed Platforms.Build.0 = Debug|Win32
		{462BF47F-E60B-49E7-B3B9-91A592BC3858}.Debug|Win32.ActiveCfg = Debug|Win32
		{462BF47F-E60B-49E7-B3B9-91A592BC3858}.Debug|Win32.Build.0 = Debug|Win32
		{462BF47F-E60B-49E7-B3B9-91A592BC3858}.Release|Any CPU.ActiveCfg = Release|Win32
		{462BF47F-E60B-49E7-B3B9-91A592BC3858}.Release|Mixed Platforms.ActiveCfg = Release|Win32
		{462BF47F-E60B-49E7-B3B9-91A592BC3858}.Release|Mixed Platforms.Build.0 = Release|Win32
		{462BF47F-E60B-49E7-B3B9-91A592BC3858}.Release|Win32.ActiveCfg = Release|Win32
		{462BF47F-E60B-49E7-B3B9-91A592BC3858}.Release|Win32.Build.0 = Release|Win32
		{D0A4B8F2-C6A0-45D6-95BE-976285CB10D1}.Debug|Any CPU.ActiveCfg = Debug|Win32
		{D0A4B8F2-C6A0-45D6-95BE-976285CB10D1}.Debug|Mixed Platforms.ActiveCfg = Debug|Win32
		{D0A4B8F2-C6A0-45D6-95BE-976285CB10D1}.Debug|Mixed Platforms.Build.0 = Debug|Win32
		{D0A4B8F2-C6A0-45D6-95BE-976285CB10D1}.Debug|Win32.ActiveCfg = Debug|Win32
		{D0A4B8F2-C6A0-45D6-95BE-976285CB10D1}.Debug|Win32.Build.0 = Debug|Win32
		{D0A4B8F2-C6A0-45D6-95BE-976285CB10D1}.Release|Any CPU.ActiveCfg = Release|Win32
		{D0A4B8F2-C6A0-45D6-95BE-976285CB10D1}.Release|Mixed Platforms.ActiveCfg = Release|Win32
		{D0A4B8F2-C6A0-45D6-95BE-976285CB10D1}.Release|Mixed Platforms.Build.0 = Release|Win32
		{D0A4B8F2-C6A0-45D6-95BE-976285CB10D1}.Release|Win32.ActiveCfg = Release|Win32
		{D0A4B8F2-C6A0-45D6-95BE-976285CB10D1}.Release|Win32.Build.0 = Release|Win32
		{4DC69534-9434-45F7-9026-F872441BEFD8}.Debug|Any CPU.ActiveCfg = Debug|Win32
		{4DC69534-9434-45F7-9026-F872441BEFD8}.Debug|Mixed Platforms.ActiveCfg = Debug|Win32
		{4DC69534-9434-45F7-9026-F872441BEFD8}.Debug|Mixed Platforms.Build.0 = Debug|Win32
		{4DC69534-9434-45F7-9026-F872441BEFD8}.Debug|Win32.ActiveCfg = Debug|Win32
		{4DC69534-9434-45F7-9026-F872441BEFD8}.Debug|Win32.Build.0 = Debug|Win32
		{4DC69534-9434-45F7-9026-F872441BEFD8}.Release|Any CPU.ActiveCfg = Release|Win32
		{4DC69534-9434-45F7-9026-F872441BEFD8}.Release|Mixed Platforms.ActiveCfg = Release|Win32
		{4DC69534-9434-45F7-9026-F872441BEFD8}.Release|Mixed Platforms.Build.0 = Release|Win32
		{4DC69534-9434-45F7-9026-F872441BEFD8}.Release|Win32.ActiveCfg = Release|Win32
		{4DC69534-9434-45F7-9026-F872441BEFD8}.Release|Win32.Build.0 = Release|Win32
		{0A5C4302-8292-4CAF-BFD6-A9F9387CECA7}.Debug|Any CPU.ActiveCfg = Debug|Win32
		{0A5C4302-8292-4CAF-BFD6-A9F9387CECA7}.Debug|Mixed Platforms.ActiveCfg = Debug|Win32
		{0A5C4302-8292-4CAF-BFD6-A9F9387CECA7}.Debug|Mixed Platforms.Build.0 = Debug|Win32
		{0A5C4302-8292-4CAF-BFD6-A9F9387CECA7}.Debug|Win32.ActiveCfg = Debug|Win32
		{0A5C4302-8292-4CAF-BFD6-A9F9387CECA7}.Debug|Win32.Build.0 = Debug|Win32
		{0A5C4302-8292-4CAF-BFD6-A9F9387CECA7}.Release|Any CPU.ActiveCfg = Release|Win32
		{0A5C4302-8292-4CAF-BFD6-A9F9387CECA7}.Release|Mixed Platforms.ActiveCfg = Release|Win32
		{0A5C4302-8292-4CAF-BFD6-A9F9387CECA7}.Release|Mixed Platforms.Build.0 = Release|Win32
		{0A5C4302-8292-4CAF-BFD6-A9F9387CECA7}.Release|Win32.ActiveCfg = Release|Win32
		{0A5C4302-8292-4CAF-BFD6-A9F9387CECA7}.Release|Win32.Build.0 = Release|Win32
		{77878203-46EC-459B-A84E-4A0C1446D512}.Debug|Any CPU.ActiveCfg = Debug|Win32
		{77878203-46EC-459B-A84E-4A0C1446D512}.Debug|Mixed Platforms.ActiveCfg = Debug|Win32
		{77878203-46EC-459B-A84E-4A0C1446D512}.Debug|Mixed Platforms.Build.0 = Debug|Win32
		{77878203-46EC-459B-A84E-4A0C1446D512}.Debug|Win32.ActiveCfg = Debug|Win32
		{77878203-46EC-459B-A84E-4A0C1446D512}.Debug|Win32.Build.0 = Debug|Win32
		{77878203-46EC-459B-A84E-4A0C1446D512}.Release|Any CPU.ActiveCfg = Release|Win32
		{77878203-46EC-459B-A84E-4A0C1446D512}.Release|Mixed Platforms.ActiveCfg = Release|Win32
		{77878203-46EC-459B-A84E-4A0C1446D512}.Release|Mixed Platforms.Build.0 = Release|Win32
		{77878203-46EC-459B-A84E-4A0C1446D512}.Release|Win32.ActiveCfg = Release|Win32
		{77878203-46EC-459B-A84E-4A0C1446D512}.Release|Win32.Build.0 = Release|Win32
		{B378C4E8-608E-42A8-B8EA-2BB1CDAE6711}.Debug|Any CPU.ActiveCfg = Debug|Win32
		{B378C4E8-608E-42A8-B8EA-2BB1CDAE6711}.Debug|Mixed Platforms.ActiveCfg = Debug|Win32
		{B378C4E8-608E-42A8-B8EA-2BB1CDAE6711}.Debug|Mixed Platforms.Build.0 = Debug|Win32
		{B378C4E8-608E-42A8-B8EA-2BB1CDAE6711}.Debug|Win32.ActiveCfg = Debug|Win32
		{B378C4E8-608E-42A8-B8EA-2BB1CDAE6711}.Debug|Win32.Build.0 = Debug|Win32
		{B378C4E8-608E-42A8-B8EA-2BB1CDAE6711}.Release|Any CPU.ActiveCfg = Release|Win32
		{B378C4E8-608E-42A8-B8EA-2BB1CDAE6711}.Release|Mixed Platforms.ActiveCfg = Release|Win32
		{B378C4E8-608E-42A8-B8EA-2BB1CDAE6711}.Release|Mixed Platforms.Build.0 = Release|Win32
		{B378C4E8-608E-42A8-B8EA-2BB1CDAE6711}.Release|Win32.ActiveCfg = Release|Win32
		{B378C4E8-608E-42A8-B8EA-2BB1CDAE6711}.Release|Win32.Build.0 = Release|Win32
		{A4AAA01E-0C0C-4435-974B-0D80F9686D82}.Debug|Any CPU.ActiveCfg = Debug|Win32
		{A4AAA01E-0C0C-4435-974B-0D80F9686D82}.Debug|Mixed Platforms.ActiveCfg = Debug|Win32
		{A4AAA01E-0C0C-4435-974B-0D80F9686D82}.Debug|Mixed Platforms.Build.0 = Debug|Win32
		{A4AAA01E-0C0C-4435-974B-0D80F9686D82}.Debug|Win32.ActiveCfg = Debug|Win32
		{A4AAA01E-0C0C-4435-974B-0D80F9686D82}.Debug|Win32.Build.0 = Debug|Win32
		{A4AAA01E-0C0C-4435-974B-0D80F9686D82}.Release|Any CPU.ActiveCfg = Release|Win32
		{A4AAA01E-0C0C-4435-974B-0D80F9686D82}.Release|Mixed Platforms.ActiveCfg = Release|Win32
		{A4AAA01E-0C0C-4435-974B-0D80F9686D82}.Release|Mixed Platforms.Build.0 = Release|Win32
		{A4AAA01E-0C0C-4435-974B-0D80F9686D82}.Release|Win32.ActiveCfg = Release|Win32
		{A4AAA01E-0C0C-4435-974B-0D80F9686D82}.Release|Win32.Build.0 = Release|Win32
	EndGlobalSection
	GlobalSection(SolutionProperties) = preSolution
		HideSolutionNode = FALSE
	EndGlobalSection
EndGlobal
